// !$*UTF8*$!
{
	archiveVersion = 1;
	classes = {
	};
	objectVersion = 77;
	objects = {

/* Begin PBXBuildFile section */
		4F338B372F9F5F250073466E /* MediaLibrary.swift in Sources */ = {isa = PBXBuildFile; fileRef = 4F338B322F9F5F1E0073466E /* MediaLibrary.swift */; };
		4F338B382F9F5F250073466E /* MediaLibrary.swift in Sources */ = {isa = PBXBuildFile; fileRef = 4F338B322F9F5F1E0073466E /* MediaLibrary.swift */; };
		4F338B392F9F5F250073466E /* MediaLibrary.swift in Sources */ = {isa = PBXBuildFile; fileRef = 4F338B322F9F5F1E0073466E /* MediaLibrary.swift */; };
		4F338B5D2F9FEE6E0073466E /* AuthService.swift in Sources */ = {isa = PBXBuildFile; fileRef = 4F338B5C2F9FEE670073466E /* AuthService.swift */; };
		4F338B5E2F9FEE6E0073466E /* AuthService.swift in Sources */ = {isa = PBXBuildFile; fileRef = 4F338B5C2F9FEE670073466E /* AuthService.swift */; };
		4F338B5F2F9FEE6E0073466E /* AuthService.swift in Sources */ = {isa = PBXBuildFile; fileRef = 4F338B5C2F9FEE670073466E /* AuthService.swift */; };
		4F338B702FA007C70073466E /* JellyfinUser.swift in Sources */ = {isa = PBXBuildFile; fileRef = 4F338B6B2FA007C00073466E /* JellyfinUser.swift */; };
		4F338B712FA007C70073466E /* JellyfinUser.swift in Sources */ = {isa = PBXBuildFile; fileRef = 4F338B6B2FA007C00073466E /* JellyfinUser.swift */; };
		4F338B722FA007C70073466E /* JellyfinUser.swift in Sources */ = {isa = PBXBuildFile; fileRef = 4F338B6B2FA007C00073466E /* JellyfinUser.swift */; };
		4F338B742FA0F3500073466E /* AuthCredentials.swift in Sources */ = {isa = PBXBuildFile; fileRef = 4F338B732FA0F33A0073466E /* AuthCredentials.swift */; };
		4F338B752FA0F3500073466E /* AuthCredentials.swift in Sources */ = {isa = PBXBuildFile; fileRef = 4F338B732FA0F33A0073466E /* AuthCredentials.swift */; };
		4F338B762FA0F3500073466E /* AuthCredentials.swift in Sources */ = {isa = PBXBuildFile; fileRef = 4F338B732FA0F33A0073466E /* AuthCredentials.swift */; };
		4F338B782FA0F56B0073466E /* KeychainStore.swift in Sources */ = {isa = PBXBuildFile; fileRef = 4F338B772FA0F5690073466E /* KeychainStore.swift */; };
		4F338B792FA0F56B0073466E /* KeychainStore.swift in Sources */ = {isa = PBXBuildFile; fileRef = 4F338B772FA0F5690073466E /* KeychainStore.swift */; };
		4F338B7A2FA0F56B0073466E /* KeychainStore.swift in Sources */ = {isa = PBXBuildFile; fileRef = 4F338B772FA0F5690073466E /* KeychainStore.swift */; };
		4F338B842FA11FC20073466E /* APIClient+Auth.swift in Sources */ = {isa = PBXBuildFile; fileRef = 4F338B832FA11FC20073466E /* APIClient+Auth.swift */; };
		4F338B852FA11FC20073466E /* APIClient+Auth.swift in Sources */ = {isa = PBXBuildFile; fileRef = 4F338B832FA11FC20073466E /* APIClient+Auth.swift */; };
		4F338B862FA11FC20073466E /* APIClient+Auth.swift in Sources */ = {isa = PBXBuildFile; fileRef = 4F338B832FA11FC20073466E /* APIClient+Auth.swift */; };
		4FB808AB2FA21DBE0018D5BF /* XStreamPlayer.xcassets in Resources */ = {isa = PBXBuildFile; fileRef = 4FB808AA2FA21DBE0018D5BF /* XStreamPlayer.xcassets */; };
		4FB808AC2FA21DBE0018D5BF /* XStreamPlayer.xcassets in Resources */ = {isa = PBXBuildFile; fileRef = 4FB808AA2FA21DBE0018D5BF /* XStreamPlayer.xcassets */; };
		4FB808AD2FA21DBE0018D5BF /* XStreamPlayer.xcassets in Resources */ = {isa = PBXBuildFile; fileRef = 4FB808AA2FA21DBE0018D5BF /* XStreamPlayer.xcassets */; };
		4FB8091C2FA292A90018D5BF /* LiquidGlassTabBar.swift in Sources */ = {isa = PBXBuildFile; fileRef = 4FB8091B2FA292A90018D5BF /* LiquidGlassTabBar.swift */; };
		4FB8097A2FA2B2BA0018D5BF /* APIClient+Media.swift in Sources */ = {isa = PBXBuildFile; fileRef = 4FB809792FA2B2B20018D5BF /* APIClient+Media.swift */; };
		4FB8097B2FA2B2BA0018D5BF /* APIClient+Media.swift in Sources */ = {isa = PBXBuildFile; fileRef = 4FB809792FA2B2B20018D5BF /* APIClient+Media.swift */; };
		4FB8097C2FA2B2BA0018D5BF /* APIClient+Media.swift in Sources */ = {isa = PBXBuildFile; fileRef = 4FB809792FA2B2B20018D5BF /* APIClient+Media.swift */; };
		4FB809942FA3B0370018D5BF /* ItemFilter.swift in Sources */ = {isa = PBXBuildFile; fileRef = 4FB809932FA3B0370018D5BF /* ItemFilter.swift */; };
		4FB809952FA3B0370018D5BF /* ItemFilter.swift in Sources */ = {isa = PBXBuildFile; fileRef = 4FB809932FA3B0370018D5BF /* ItemFilter.swift */; };
		4FB809962FA3B0370018D5BF /* ItemFilter.swift in Sources */ = {isa = PBXBuildFile; fileRef = 4FB809932FA3B0370018D5BF /* ItemFilter.swift */; };
		4FFF8CAB2F9CEC1F006ADCA2 /* xstream_playerApp.swift in Sources */ = {isa = PBXBuildFile; fileRef = 4FFF8C962F9CEB7D006ADCA2 /* xstream_playerApp.swift */; };
		4FFF8CAC2F9CEC28006ADCA2 /* xstream_player_tvosApp.swift in Sources */ = {isa = PBXBuildFile; fileRef = 4FFF8C952F9CEB7D006ADCA2 /* xstream_player_tvosApp.swift */; };
		4FFF8CAD2F9CEC2D006ADCA2 /* xstream_player_macosApp.swift in Sources */ = {isa = PBXBuildFile; fileRef = 4FFF8C942F9CEB7D006ADCA2 /* xstream_player_macosApp.swift */; };
		4FFF8CAE2F9CEC39006ADCA2 /* ContentView.swift in Sources */ = {isa = PBXBuildFile; fileRef = 4FFF8C932F9CEB7D006ADCA2 /* ContentView.swift */; };
		4FFF8CAF2F9CEC39006ADCA2 /* ContentView.swift in Sources */ = {isa = PBXBuildFile; fileRef = 4FFF8C932F9CEB7D006ADCA2 /* ContentView.swift */; };
		4FFF8CB02F9CEC39006ADCA2 /* ContentView.swift in Sources */ = {isa = PBXBuildFile; fileRef = 4FFF8C932F9CEB7D006ADCA2 /* ContentView.swift */; };
		4FFF8CB12F9CEC4F006ADCA2 /* MediaItem.swift in Sources */ = {isa = PBXBuildFile; fileRef = 4FFF8CA12F9CEB7D006ADCA2 /* MediaItem.swift */; };
		4FFF8CB22F9CEC4F006ADCA2 /* MediaItem.swift in Sources */ = {isa = PBXBuildFile; fileRef = 4FFF8CA12F9CEB7D006ADCA2 /* MediaItem.swift */; };
		4FFF8CB32F9CEC4F006ADCA2 /* MediaItem.swift in Sources */ = {isa = PBXBuildFile; fileRef = 4FFF8CA12F9CEB7D006ADCA2 /* MediaItem.swift */; };
		4FFF8CB42F9CEC5A006ADCA2 /* PlayerService.swift in Sources */ = {isa = PBXBuildFile; fileRef = 4FFF8CA42F9CEB7D006ADCA2 /* PlayerService.swift */; };
		4FFF8CB52F9CEC5A006ADCA2 /* APIClient.swift in Sources */ = {isa = PBXBuildFile; fileRef = 4FFF8CA32F9CEB7D006ADCA2 /* APIClient.swift */; };
		4FFF8CB62F9CEC5A006ADCA2 /* PlayerService.swift in Sources */ = {isa = PBXBuildFile; fileRef = 4FFF8CA42F9CEB7D006ADCA2 /* PlayerService.swift */; };
		4FFF8CB72F9CEC5A006ADCA2 /* APIClient.swift in Sources */ = {isa = PBXBuildFile; fileRef = 4FFF8CA32F9CEB7D006ADCA2 /* APIClient.swift */; };
		4FFF8CB82F9CEC5A006ADCA2 /* PlayerService.swift in Sources */ = {isa = PBXBuildFile; fileRef = 4FFF8CA42F9CEB7D006ADCA2 /* PlayerService.swift */; };
		4FFF8CB92F9CEC5A006ADCA2 /* APIClient.swift in Sources */ = {isa = PBXBuildFile; fileRef = 4FFF8CA32F9CEB7D006ADCA2 /* APIClient.swift */; };
		4FFF8CBA2F9CEC70006ADCA2 /* Assets.xcassets in Resources */ = {isa = PBXBuildFile; fileRef = 4FFF8C9E2F9CEB7D006ADCA2 /* Assets.xcassets */; };
		4FFF8CBB2F9CEC70006ADCA2 /* Assets.xcassets in Resources */ = {isa = PBXBuildFile; fileRef = 4FFF8C9E2F9CEB7D006ADCA2 /* Assets.xcassets */; };
		4FFF8CBC2F9CEC70006ADCA2 /* Assets.xcassets in Resources */ = {isa = PBXBuildFile; fileRef = 4FFF8C9E2F9CEB7D006ADCA2 /* Assets.xcassets */; };
		4FFF8CBD2F9CEC80006ADCA2 /* MobilePlayerView.swift in Sources */ = {isa = PBXBuildFile; fileRef = 4FFF8C982F9CEB7D006ADCA2 /* MobilePlayerView.swift */; };
		4FFF8CBE2F9CEC88006ADCA2 /* TVPlayerView.swift in Sources */ = {isa = PBXBuildFile; fileRef = 4FFF8CA82F9CEB7D006ADCA2 /* TVPlayerView.swift */; };
		4FFF8CBF2F9CEC8F006ADCA2 /* DesktopPlayerView.swift in Sources */ = {isa = PBXBuildFile; fileRef = 4FFF8C9B2F9CEB7D006ADCA2 /* DesktopPlayerView.swift */; };
/* End PBXBuildFile section */

/* Begin PBXContainerItemProxy section */
		4FB4E40D2F9CDD6E00121F5A /* PBXContainerItemProxy */ = {
			isa = PBXContainerItemProxy;
			containerPortal = 4FB4E3F52F9CDD6C00121F5A /* Project object */;
			proxyType = 1;
			remoteGlobalIDString = 4FB4E3FC2F9CDD6C00121F5A;
			remoteInfo = "xstream-player";
		};
		4FB4E4172F9CDD6E00121F5A /* PBXContainerItemProxy */ = {
			isa = PBXContainerItemProxy;
			containerPortal = 4FB4E3F52F9CDD6C00121F5A /* Project object */;
			proxyType = 1;
			remoteGlobalIDString = 4FB4E3FC2F9CDD6C00121F5A;
			remoteInfo = "xstream-player";
		};
/* End PBXContainerItemProxy section */

/* Begin PBXFileReference section */
		4F338B322F9F5F1E0073466E /* MediaLibrary.swift */ = {isa = PBXFileReference; lastKnownFileType = sourcecode.swift; path = MediaLibrary.swift; sourceTree = "<group>"; };
		4F338B5C2F9FEE670073466E /* AuthService.swift */ = {isa = PBXFileReference; lastKnownFileType = sourcecode.swift; path = AuthService.swift; sourceTree = "<group>"; };
		4F338B6B2FA007C00073466E /* JellyfinUser.swift */ = {isa = PBXFileReference; lastKnownFileType = sourcecode.swift; path = JellyfinUser.swift; sourceTree = "<group>"; };
		4F338B732FA0F33A0073466E /* AuthCredentials.swift */ = {isa = PBXFileReference; lastKnownFileType = sourcecode.swift; path = AuthCredentials.swift; sourceTree = "<group>"; };
		4F338B772FA0F5690073466E /* KeychainStore.swift */ = {isa = PBXFileReference; lastKnownFileType = sourcecode.swift; path = KeychainStore.swift; sourceTree = "<group>"; };
		4F338B832FA11FC20073466E /* APIClient+Auth.swift */ = {isa = PBXFileReference; lastKnownFileType = sourcecode.swift; path = "APIClient+Auth.swift"; sourceTree = "<group>"; };
		4FB4E3FD2F9CDD6C00121F5A /* xstream-player-ios.app */ = {isa = PBXFileReference; explicitFileType = wrapper.application; includeInIndex = 0; path = "xstream-player-ios.app"; sourceTree = BUILT_PRODUCTS_DIR; };
		4FB4E40C2F9CDD6E00121F5A /* xstream-playerTests.xctest */ = {isa = PBXFileReference; explicitFileType = wrapper.cfbundle; includeInIndex = 0; path = "xstream-playerTests.xctest"; sourceTree = BUILT_PRODUCTS_DIR; };
		4FB4E4162F9CDD6E00121F5A /* xstream-playerUITests.xctest */ = {isa = PBXFileReference; explicitFileType = wrapper.cfbundle; includeInIndex = 0; path = "xstream-playerUITests.xctest"; sourceTree = BUILT_PRODUCTS_DIR; };
		4FB4E4D82F9CE61B00121F5A /* xstream-player-macos.app */ = {isa = PBXFileReference; explicitFileType = wrapper.application; includeInIndex = 0; path = "xstream-player-macos.app"; sourceTree = BUILT_PRODUCTS_DIR; };
		4FB4E5052F9CE65C00121F5A /* xstream-player-tvos.app */ = {isa = PBXFileReference; explicitFileType = wrapper.application; includeInIndex = 0; path = "xstream-player-tvos.app"; sourceTree = BUILT_PRODUCTS_DIR; };
		4FB808AA2FA21DBE0018D5BF /* XStreamPlayer.xcassets */ = {isa = PBXFileReference; lastKnownFileType = folder.assetcatalog; path = XStreamPlayer.xcassets; sourceTree = "<group>"; };
		4FB8091B2FA292A90018D5BF /* LiquidGlassTabBar.swift */ = {isa = PBXFileReference; lastKnownFileType = sourcecode.swift; path = LiquidGlassTabBar.swift; sourceTree = "<group>"; };
		4FB809792FA2B2B20018D5BF /* APIClient+Media.swift */ = {isa = PBXFileReference; lastKnownFileType = sourcecode.swift; path = "APIClient+Media.swift"; sourceTree = "<group>"; };
		4FB809932FA3B0370018D5BF /* ItemFilter.swift */ = {isa = PBXFileReference; lastKnownFileType = sourcecode.swift; path = ItemFilter.swift; sourceTree = "<group>"; };
		4FFF8C932F9CEB7D006ADCA2 /* ContentView.swift */ = {isa = PBXFileReference; lastKnownFileType = sourcecode.swift; path = ContentView.swift; sourceTree = "<group>"; };
		4FFF8C942F9CEB7D006ADCA2 /* xstream_player_macosApp.swift */ = {isa = PBXFileReference; lastKnownFileType = sourcecode.swift; path = xstream_player_macosApp.swift; sourceTree = "<group>"; };
		4FFF8C952F9CEB7D006ADCA2 /* xstream_player_tvosApp.swift */ = {isa = PBXFileReference; lastKnownFileType = sourcecode.swift; path = xstream_player_tvosApp.swift; sourceTree = "<group>"; };
		4FFF8C962F9CEB7D006ADCA2 /* xstream_playerApp.swift */ = {isa = PBXFileReference; lastKnownFileType = sourcecode.swift; path = xstream_playerApp.swift; sourceTree = "<group>"; };
		4FFF8C982F9CEB7D006ADCA2 /* MobilePlayerView.swift */ = {isa = PBXFileReference; lastKnownFileType = sourcecode.swift; path = MobilePlayerView.swift; sourceTree = "<group>"; };
		4FFF8C9B2F9CEB7D006ADCA2 /* DesktopPlayerView.swift */ = {isa = PBXFileReference; lastKnownFileType = sourcecode.swift; path = DesktopPlayerView.swift; sourceTree = "<group>"; };
		4FFF8C9E2F9CEB7D006ADCA2 /* Assets.xcassets */ = {isa = PBXFileReference; lastKnownFileType = folder.assetcatalog; path = Assets.xcassets; sourceTree = "<group>"; };
		4FFF8CA12F9CEB7D006ADCA2 /* MediaItem.swift */ = {isa = PBXFileReference; lastKnownFileType = sourcecode.swift; path = MediaItem.swift; sourceTree = "<group>"; };
		4FFF8CA32F9CEB7D006ADCA2 /* APIClient.swift */ = {isa = PBXFileReference; lastKnownFileType = sourcecode.swift; path = APIClient.swift; sourceTree = "<group>"; };
		4FFF8CA42F9CEB7D006ADCA2 /* PlayerService.swift */ = {isa = PBXFileReference; lastKnownFileType = sourcecode.swift; path = PlayerService.swift; sourceTree = "<group>"; };
		4FFF8CA82F9CEB7D006ADCA2 /* TVPlayerView.swift */ = {isa = PBXFileReference; lastKnownFileType = sourcecode.swift; path = TVPlayerView.swift; sourceTree = "<group>"; };
/* End PBXFileReference section */

/* Begin PBXFileSystemSynchronizedRootGroup section */
		4F338B2D2F9F5F090073466E /* ViewModels */ = {
			isa = PBXFileSystemSynchronizedRootGroup;
			path = ViewModels;
			sourceTree = "<group>";
		};
		4F338B3A2F9FED2E0073466E /* AppState */ = {
			isa = PBXFileSystemSynchronizedRootGroup;
			path = AppState;
			sourceTree = "<group>";
		};
		4F338B492F9FEDA50073466E /* Views */ = {
			isa = PBXFileSystemSynchronizedRootGroup;
			path = Views;
			sourceTree = "<group>";
		};
		4F338B7B2FA119D40073466E /* Extensions */ = {
			isa = PBXFileSystemSynchronizedRootGroup;
			path = Extensions;
			sourceTree = "<group>";
		};
		4FB4E40F2F9CDD6E00121F5A /* xstream-playerTests */ = {
			isa = PBXFileSystemSynchronizedRootGroup;
			path = "xstream-playerTests";
			sourceTree = "<group>";
		};
		4FB4E4192F9CDD6E00121F5A /* xstream-playerUITests */ = {
			isa = PBXFileSystemSynchronizedRootGroup;
			path = "xstream-playerUITests";
			sourceTree = "<group>";
		};
/* End PBXFileSystemSynchronizedRootGroup section */

/* Begin PBXFrameworksBuildPhase section */
		4FB4E3FA2F9CDD6C00121F5A /* Frameworks */ = {
			isa = PBXFrameworksBuildPhase;
			buildActionMask = 2147483647;
			files = (
			);
			runOnlyForDeploymentPostprocessing = 0;
		};
		4FB4E4092F9CDD6E00121F5A /* Frameworks */ = {
			isa = PBXFrameworksBuildPhase;
			buildActionMask = 2147483647;
			files = (
			);
			runOnlyForDeploymentPostprocessing = 0;
		};
		4FB4E4132F9CDD6E00121F5A /* Frameworks */ = {
			isa = PBXFrameworksBuildPhase;
			buildActionMask = 2147483647;
			files = (
			);
			runOnlyForDeploymentPostprocessing = 0;
		};
		4FB4E4D52F9CE61B00121F5A /* Frameworks */ = {
			isa = PBXFrameworksBuildPhase;
			buildActionMask = 2147483647;
			files = (
			);
			runOnlyForDeploymentPostprocessing = 0;
		};
		4FB4E5022F9CE65C00121F5A /* Frameworks */ = {
			isa = PBXFrameworksBuildPhase;
			buildActionMask = 2147483647;
			files = (
			);
			runOnlyForDeploymentPostprocessing = 0;
		};
/* End PBXFrameworksBuildPhase section */

/* Begin PBXGroup section */
		4FB4E3F42F9CDD6C00121F5A = {
			isa = PBXGroup;
			children = (
				4FFF8C972F9CEB7D006ADCA2 /* App */,
				4FFF8C9A2F9CEB7D006ADCA2 /* iOS */,
				4FFF8C9D2F9CEB7D006ADCA2 /* macOS */,
				4FFF8C9F2F9CEB7D006ADCA2 /* Resources */,
				4FFF8CA72F9CEB7D006ADCA2 /* Shared */,
				4FFF8CAA2F9CEB7D006ADCA2 /* tvOS */,
				4FB4E40F2F9CDD6E00121F5A /* xstream-playerTests */,
				4FB4E4192F9CDD6E00121F5A /* xstream-playerUITests */,
				4FB4E3FE2F9CDD6C00121F5A /* Products */,
			);
			sourceTree = "<group>";
		};
		4FB4E3FE2F9CDD6C00121F5A /* Products */ = {
			isa = PBXGroup;
			children = (
				4FB4E3FD2F9CDD6C00121F5A /* xstream-player-ios.app */,
				4FB4E40C2F9CDD6E00121F5A /* xstream-playerTests.xctest */,
				4FB4E4162F9CDD6E00121F5A /* xstream-playerUITests.xctest */,
				4FB4E4D82F9CE61B00121F5A /* xstream-player-macos.app */,
				4FB4E5052F9CE65C00121F5A /* xstream-player-tvos.app */,
			);
			name = Products;
			sourceTree = "<group>";
		};
		4FFF8C972F9CEB7D006ADCA2 /* App */ = {
			isa = PBXGroup;
			children = (
				4FFF8C932F9CEB7D006ADCA2 /* ContentView.swift */,
				4FFF8C942F9CEB7D006ADCA2 /* xstream_player_macosApp.swift */,
				4FFF8C952F9CEB7D006ADCA2 /* xstream_player_tvosApp.swift */,
				4FFF8C962F9CEB7D006ADCA2 /* xstream_playerApp.swift */,
			);
			path = App;
			sourceTree = "<group>";
		};
		4FFF8C992F9CEB7D006ADCA2 /* Views */ = {
			isa = PBXGroup;
			children = (
				4FFF8C982F9CEB7D006ADCA2 /* MobilePlayerView.swift */,
				4FB8091B2FA292A90018D5BF /* LiquidGlassTabBar.swift */,
			);
			path = Views;
			sourceTree = "<group>";
		};
		4FFF8C9A2F9CEB7D006ADCA2 /* iOS */ = {
			isa = PBXGroup;
			children = (
				4FFF8C992F9CEB7D006ADCA2 /* Views */,
			);
			path = iOS;
			sourceTree = "<group>";
		};
		4FFF8C9C2F9CEB7D006ADCA2 /* Views */ = {
			isa = PBXGroup;
			children = (
				4FFF8C9B2F9CEB7D006ADCA2 /* DesktopPlayerView.swift */,
			);
			path = Views;
			sourceTree = "<group>";
		};
		4FFF8C9D2F9CEB7D006ADCA2 /* macOS */ = {
			isa = PBXGroup;
			children = (
				4FFF8C9C2F9CEB7D006ADCA2 /* Views */,
			);
			path = macOS;
			sourceTree = "<group>";
		};
		4FFF8C9F2F9CEB7D006ADCA2 /* Resources */ = {
			isa = PBXGroup;
			children = (
				4FFF8C9E2F9CEB7D006ADCA2 /* Assets.xcassets */,
				4FB808AA2FA21DBE0018D5BF /* XStreamPlayer.xcassets */,
			);
			path = Resources;
			sourceTree = "<group>";
		};
		4FFF8CA02F9CEB7D006ADCA2 /* Extensions */ = {
			isa = PBXGroup;
			children = (
			);
			path = Extensions;
			sourceTree = "<group>";
		};
		4FFF8CA22F9CEB7D006ADCA2 /* Models */ = {
			isa = PBXGroup;
			children = (
				4F338B732FA0F33A0073466E /* AuthCredentials.swift */,
				4FFF8CA12F9CEB7D006ADCA2 /* MediaItem.swift */,
				4FB809932FA3B0370018D5BF /* ItemFilter.swift */,
			);
			path = Models;
			sourceTree = "<group>";
		};
		4FFF8CA52F9CEB7D006ADCA2 /* Services */ = {
			isa = PBXGroup;
			children = (
				4FB809792FA2B2B20018D5BF /* APIClient+Media.swift */,
				4F338B832FA11FC20073466E /* APIClient+Auth.swift */,
				4F338B772FA0F5690073466E /* KeychainStore.swift */,
				4F338B5C2F9FEE670073466E /* AuthService.swift */,
				4FFF8CA32F9CEB7D006ADCA2 /* APIClient.swift */,
				4FFF8CA42F9CEB7D006ADCA2 /* PlayerService.swift */,
			);
			path = Services;
			sourceTree = "<group>";
		};
		4FFF8CA62F9CEB7D006ADCA2 /* ViewModels */ = {
			isa = PBXGroup;
			children = (
				4F338B6B2FA007C00073466E /* JellyfinUser.swift */,
				4F338B322F9F5F1E0073466E /* MediaLibrary.swift */,
			);
			path = ViewModels;
			sourceTree = "<group>";
		};
		4FFF8CA72F9CEB7D006ADCA2 /* Shared */ = {
			isa = PBXGroup;
			children = (
				4F338B7B2FA119D40073466E /* Extensions */,
				4F338B492F9FEDA50073466E /* Views */,
				4F338B3A2F9FED2E0073466E /* AppState */,
				4F338B2D2F9F5F090073466E /* ViewModels */,
				4FFF8CA02F9CEB7D006ADCA2 /* Extensions */,
				4FFF8CA22F9CEB7D006ADCA2 /* Models */,
				4FFF8CA52F9CEB7D006ADCA2 /* Services */,
				4FFF8CA62F9CEB7D006ADCA2 /* ViewModels */,
			);
			path = Shared;
			sourceTree = "<group>";
		};
		4FFF8CA92F9CEB7D006ADCA2 /* Views */ = {
			isa = PBXGroup;
			children = (
				4FFF8CA82F9CEB7D006ADCA2 /* TVPlayerView.swift */,
			);
			path = Views;
			sourceTree = "<group>";
		};
		4FFF8CAA2F9CEB7D006ADCA2 /* tvOS */ = {
			isa = PBXGroup;
			children = (
				4FFF8CA92F9CEB7D006ADCA2 /* Views */,
			);
			path = tvOS;
			sourceTree = "<group>";
		};
/* End PBXGroup section */

/* Begin PBXNativeTarget section */
		4FB4E3FC2F9CDD6C00121F5A /* xstream-player-ios */ = {
			isa = PBXNativeTarget;
			buildConfigurationList = 4FB4E4202F9CDD6E00121F5A /* Build configuration list for PBXNativeTarget "xstream-player-ios" */;
			buildPhases = (
				4FB4E3F92F9CDD6C00121F5A /* Sources */,
				4FB4E3FA2F9CDD6C00121F5A /* Frameworks */,
				4FB4E3FB2F9CDD6C00121F5A /* Resources */,
			);
			buildRules = (
			);
			dependencies = (
			);
			fileSystemSynchronizedGroups = (
				4F338B2D2F9F5F090073466E /* ViewModels */,
				4F338B3A2F9FED2E0073466E /* AppState */,
				4F338B492F9FEDA50073466E /* Views */,
				4F338B7B2FA119D40073466E /* Extensions */,
			);
			name = "xstream-player-ios";
			packageProductDependencies = (
			);
			productName = "xstream-player";
			productReference = 4FB4E3FD2F9CDD6C00121F5A /* xstream-player-ios.app */;
			productType = "com.apple.product-type.application";
		};
		4FB4E40B2F9CDD6E00121F5A /* xstream-playerTests */ = {
			isa = PBXNativeTarget;
			buildConfigurationList = 4FB4E4232F9CDD6E00121F5A /* Build configuration list for PBXNativeTarget "xstream-playerTests" */;
			buildPhases = (
				4FB4E4082F9CDD6E00121F5A /* Sources */,
				4FB4E4092F9CDD6E00121F5A /* Frameworks */,
				4FB4E40A2F9CDD6E00121F5A /* Resources */,
			);
			buildRules = (
			);
			dependencies = (
				4FB4E40E2F9CDD6E00121F5A /* PBXTargetDependency */,
			);
			fileSystemSynchronizedGroups = (
				4FB4E40F2F9CDD6E00121F5A /* xstream-playerTests */,
			);
			name = "xstream-playerTests";
			packageProductDependencies = (
			);
			productName = "xstream-playerTests";
			productReference = 4FB4E40C2F9CDD6E00121F5A /* xstream-playerTests.xctest */;
			productType = "com.apple.product-type.bundle.unit-test";
		};
		4FB4E4152F9CDD6E00121F5A /* xstream-playerUITests */ = {
			isa = PBXNativeTarget;
			buildConfigurationList = 4FB4E4262F9CDD6E00121F5A /* Build configuration list for PBXNativeTarget "xstream-playerUITests" */;
			buildPhases = (
				4FB4E4122F9CDD6E00121F5A /* Sources */,
				4FB4E4132F9CDD6E00121F5A /* Frameworks */,
				4FB4E4142F9CDD6E00121F5A /* Resources */,
			);
			buildRules = (
			);
			dependencies = (
				4FB4E4182F9CDD6E00121F5A /* PBXTargetDependency */,
			);
			fileSystemSynchronizedGroups = (
				4FB4E4192F9CDD6E00121F5A /* xstream-playerUITests */,
			);
			name = "xstream-playerUITests";
			packageProductDependencies = (
			);
			productName = "xstream-playerUITests";
			productReference = 4FB4E4162F9CDD6E00121F5A /* xstream-playerUITests.xctest */;
			productType = "com.apple.product-type.bundle.ui-testing";
		};
		4FB4E4D72F9CE61B00121F5A /* xstream-player-macos */ = {
			isa = PBXNativeTarget;
			buildConfigurationList = 4FB4E4F82F9CE61C00121F5A /* Build configuration list for PBXNativeTarget "xstream-player-macos" */;
			buildPhases = (
				4FB4E4D42F9CE61B00121F5A /* Sources */,
				4FB4E4D52F9CE61B00121F5A /* Frameworks */,
				4FB4E4D62F9CE61B00121F5A /* Resources */,
			);
			buildRules = (
			);
			dependencies = (
			);
			fileSystemSynchronizedGroups = (
				4F338B2D2F9F5F090073466E /* ViewModels */,
				4F338B3A2F9FED2E0073466E /* AppState */,
				4F338B492F9FEDA50073466E /* Views */,
				4F338B7B2FA119D40073466E /* Extensions */,
			);
			name = "xstream-player-macos";
			packageProductDependencies = (
			);
			productName = xstream.player.macos;
			productReference = 4FB4E4D82F9CE61B00121F5A /* xstream-player-macos.app */;
			productType = "com.apple.product-type.application";
		};
		4FB4E5042F9CE65C00121F5A /* xstream-player-tvos */ = {
			isa = PBXNativeTarget;
			buildConfigurationList = 4FB4E50F2F9CE65D00121F5A /* Build configuration list for PBXNativeTarget "xstream-player-tvos" */;
			buildPhases = (
				4FB4E5012F9CE65C00121F5A /* Sources */,
				4FB4E5022F9CE65C00121F5A /* Frameworks */,
				4FB4E5032F9CE65C00121F5A /* Resources */,
			);
			buildRules = (
			);
			dependencies = (
			);
			fileSystemSynchronizedGroups = (
				4F338B2D2F9F5F090073466E /* ViewModels */,
				4F338B3A2F9FED2E0073466E /* AppState */,
				4F338B492F9FEDA50073466E /* Views */,
				4F338B7B2FA119D40073466E /* Extensions */,
			);
			name = "xstream-player-tvos";
			packageProductDependencies = (
			);
			productName = xstream.player.tvos;
			productReference = 4FB4E5052F9CE65C00121F5A /* xstream-player-tvos.app */;
			productType = "com.apple.product-type.application";
		};
/* End PBXNativeTarget section */

/* Begin PBXProject section */
		4FB4E3F52F9CDD6C00121F5A /* Project object */ = {
			isa = PBXProject;
			attributes = {
				BuildIndependentTargetsInParallel = 1;
				LastSwiftUpdateCheck = 2640;
				LastUpgradeCheck = 2640;
				TargetAttributes = {
					4FB4E3FC2F9CDD6C00121F5A = {
						CreatedOnToolsVersion = 26.4.1;
					};
					4FB4E40B2F9CDD6E00121F5A = {
						CreatedOnToolsVersion = 26.4.1;
						TestTargetID = 4FB4E3FC2F9CDD6C00121F5A;
					};
					4FB4E4152F9CDD6E00121F5A = {
						CreatedOnToolsVersion = 26.4.1;
						TestTargetID = 4FB4E3FC2F9CDD6C00121F5A;
					};
					4FB4E4D72F9CE61B00121F5A = {
						CreatedOnToolsVersion = 26.4.1;
					};
					4FB4E5042F9CE65C00121F5A = {
						CreatedOnToolsVersion = 26.4.1;
					};
				};
			};
			buildConfigurationList = 4FB4E3F82F9CDD6C00121F5A /* Build configuration list for PBXProject "xstream-player" */;
			developmentRegion = fr;
			hasScannedForEncodings = 0;
			knownRegions = (
				en,
				Base,
				fr,
			);
			mainGroup = 4FB4E3F42F9CDD6C00121F5A;
			minimizedProjectReferenceProxies = 1;
			preferredProjectObjectVersion = 77;
			productRefGroup = 4FB4E3FE2F9CDD6C00121F5A /* Products */;
			projectDirPath = "";
			projectRoot = "";
			targets = (
				4FB4E3FC2F9CDD6C00121F5A /* xstream-player-ios */,
				4FB4E40B2F9CDD6E00121F5A /* xstream-playerTests */,
				4FB4E4152F9CDD6E00121F5A /* xstream-playerUITests */,
				4FB4E4D72F9CE61B00121F5A /* xstream-player-macos */,
				4FB4E5042F9CE65C00121F5A /* xstream-player-tvos */,
			);
		};
/* End PBXProject section */

/* Begin PBXResourcesBuildPhase section */
		4FB4E3FB2F9CDD6C00121F5A /* Resources */ = {
			isa = PBXResourcesBuildPhase;
			buildActionMask = 2147483647;
			files = (
				4FFF8CBA2F9CEC70006ADCA2 /* Assets.xcassets in Resources */,
				4FB808AC2FA21DBE0018D5BF /* XStreamPlayer.xcassets in Resources */,
			);
			runOnlyForDeploymentPostprocessing = 0;
		};
		4FB4E40A2F9CDD6E00121F5A /* Resources */ = {
			isa = PBXResourcesBuildPhase;
			buildActionMask = 2147483647;
			files = (
			);
			runOnlyForDeploymentPostprocessing = 0;
		};
		4FB4E4142F9CDD6E00121F5A /* Resources */ = {
			isa = PBXResourcesBuildPhase;
			buildActionMask = 2147483647;
			files = (
			);
			runOnlyForDeploymentPostprocessing = 0;
		};
		4FB4E4D62F9CE61B00121F5A /* Resources */ = {
			isa = PBXResourcesBuildPhase;
			buildActionMask = 2147483647;
			files = (
				4FFF8CBB2F9CEC70006ADCA2 /* Assets.xcassets in Resources */,
				4FB808AB2FA21DBE0018D5BF /* XStreamPlayer.xcassets in Resources */,
			);
			runOnlyForDeploymentPostprocessing = 0;
		};
		4FB4E5032F9CE65C00121F5A /* Resources */ = {
			isa = PBXResourcesBuildPhase;
			buildActionMask = 2147483647;
			files = (
				4FFF8CBC2F9CEC70006ADCA2 /* Assets.xcassets in Resources */,
				4FB808AD2FA21DBE0018D5BF /* XStreamPlayer.xcassets in Resources */,
			);
			runOnlyForDeploymentPostprocessing = 0;
		};
/* End PBXResourcesBuildPhase section */

/* Begin PBXSourcesBuildPhase section */
		4FB4E3F92F9CDD6C00121F5A /* Sources */ = {
			isa = PBXSourcesBuildPhase;
			buildActionMask = 2147483647;
			files = (
				4F338B752FA0F3500073466E /* AuthCredentials.swift in Sources */,
				4FFF8CAE2F9CEC39006ADCA2 /* ContentView.swift in Sources */,
				4F338B382F9F5F250073466E /* MediaLibrary.swift in Sources */,
				4FB8097B2FA2B2BA0018D5BF /* APIClient+Media.swift in Sources */,
				4FB809942FA3B0370018D5BF /* ItemFilter.swift in Sources */,
				4F338B5D2F9FEE6E0073466E /* AuthService.swift in Sources */,
				4F338B792FA0F56B0073466E /* KeychainStore.swift in Sources */,
				4F338B852FA11FC20073466E /* APIClient+Auth.swift in Sources */,
				4F338B722FA007C70073466E /* JellyfinUser.swift in Sources */,
				4FFF8CBD2F9CEC80006ADCA2 /* MobilePlayerView.swift in Sources */,
				4FFF8CAB2F9CEC1F006ADCA2 /* xstream_playerApp.swift in Sources */,
				4FFF8CB12F9CEC4F006ADCA2 /* MediaItem.swift in Sources */,
				4FB8091C2FA292A90018D5BF /* LiquidGlassTabBar.swift in Sources */,
				4FFF8CB42F9CEC5A006ADCA2 /* PlayerService.swift in Sources */,
				4FFF8CB52F9CEC5A006ADCA2 /* APIClient.swift in Sources */,
			);
			runOnlyForDeploymentPostprocessing = 0;
		};
		4FB4E4082F9CDD6E00121F5A /* Sources */ = {
			isa = PBXSourcesBuildPhase;
			buildActionMask = 2147483647;
			files = (
			);
			runOnlyForDeploymentPostprocessing = 0;
		};
		4FB4E4122F9CDD6E00121F5A /* Sources */ = {
			isa = PBXSourcesBuildPhase;
			buildActionMask = 2147483647;
			files = (
			);
			runOnlyForDeploymentPostprocessing = 0;
		};
		4FB4E4D42F9CE61B00121F5A /* Sources */ = {
			isa = PBXSourcesBuildPhase;
			buildActionMask = 2147483647;
			files = (
				4F338B742FA0F3500073466E /* AuthCredentials.swift in Sources */,
				4FFF8CAF2F9CEC39006ADCA2 /* ContentView.swift in Sources */,
				4F338B392F9F5F250073466E /* MediaLibrary.swift in Sources */,
				4F338B5E2F9FEE6E0073466E /* AuthService.swift in Sources */,
				4F338B782FA0F56B0073466E /* KeychainStore.swift in Sources */,
				4F338B862FA11FC20073466E /* APIClient+Auth.swift in Sources */,
				4F338B702FA007C70073466E /* JellyfinUser.swift in Sources */,
				4FFF8CAD2F9CEC2D006ADCA2 /* xstream_player_macosApp.swift in Sources */,
				4FFF8CB22F9CEC4F006ADCA2 /* MediaItem.swift in Sources */,
				4FB809952FA3B0370018D5BF /* ItemFilter.swift in Sources */,
				4FFF8CB62F9CEC5A006ADCA2 /* PlayerService.swift in Sources */,
				4FFF8CBF2F9CEC8F006ADCA2 /* DesktopPlayerView.swift in Sources */,
				4FB8097C2FA2B2BA0018D5BF /* APIClient+Media.swift in Sources */,
				4FFF8CB72F9CEC5A006ADCA2 /* APIClient.swift in Sources */,
			);
			runOnlyForDeploymentPostprocessing = 0;
		};
		4FB4E5012F9CE65C00121F5A /* Sources */ = {
			isa = PBXSourcesBuildPhase;
			buildActionMask = 2147483647;
			files = (
				4F338B762FA0F3500073466E /* AuthCredentials.swift in Sources */,
				4FFF8CB02F9CEC39006ADCA2 /* ContentView.swift in Sources */,
				4F338B372F9F5F250073466E /* MediaLibrary.swift in Sources */,
				4F338B5F2F9FEE6E0073466E /* AuthService.swift in Sources */,
				4F338B7A2FA0F56B0073466E /* KeychainStore.swift in Sources */,
				4F338B842FA11FC20073466E /* APIClient+Auth.swift in Sources */,
				4F338B712FA007C70073466E /* JellyfinUser.swift in Sources */,
				4FFF8CBE2F9CEC88006ADCA2 /* TVPlayerView.swift in Sources */,
				4FFF8CAC2F9CEC28006ADCA2 /* xstream_player_tvosApp.swift in Sources */,
				4FB809962FA3B0370018D5BF /* ItemFilter.swift in Sources */,
				4FFF8CB32F9CEC4F006ADCA2 /* MediaItem.swift in Sources */,
				4FFF8CB82F9CEC5A006ADCA2 /* PlayerService.swift in Sources */,
				4FB8097A2FA2B2BA0018D5BF /* APIClient+Media.swift in Sources */,
				4FFF8CB92F9CEC5A006ADCA2 /* APIClient.swift in Sources */,
			);
			runOnlyForDeploymentPostprocessing = 0;
		};
/* End PBXSourcesBuildPhase section */

/* Begin PBXTargetDependency section */
		4FB4E40E2F9CDD6E00121F5A /* PBXTargetDependency */ = {
			isa = PBXTargetDependency;
			target = 4FB4E3FC2F9CDD6C00121F5A /* xstream-player-ios */;
			targetProxy = 4FB4E40D2F9CDD6E00121F5A /* PBXContainerItemProxy */;
		};
		4FB4E4182F9CDD6E00121F5A /* PBXTargetDependency */ = {
			isa = PBXTargetDependency;
			target = 4FB4E3FC2F9CDD6C00121F5A /* xstream-player-ios */;
			targetProxy = 4FB4E4172F9CDD6E00121F5A /* PBXContainerItemProxy */;
		};
/* End PBXTargetDependency section */

/* Begin XCBuildConfiguration section */
		4FB4E41E2F9CDD6E00121F5A /* Debug */ = {
			isa = XCBuildConfiguration;
			buildSettings = {
				ALWAYS_SEARCH_USER_PATHS = NO;
				ASSETCATALOG_COMPILER_GENERATE_SWIFT_ASSET_SYMBOL_EXTENSIONS = YES;
				CLANG_ANALYZER_NONNULL = YES;
				CLANG_ANALYZER_NUMBER_OBJECT_CONVERSION = YES_AGGRESSIVE;
				CLANG_CXX_LANGUAGE_STANDARD = "gnu++20";
				CLANG_ENABLE_MODULES = YES;
				CLANG_ENABLE_OBJC_ARC = YES;
				CLANG_ENABLE_OBJC_WEAK = YES;
				CLANG_WARN_BLOCK_CAPTURE_AUTORELEASING = YES;
				CLANG_WARN_BOOL_CONVERSION = YES;
				CLANG_WARN_COMMA = YES;
				CLANG_WARN_CONSTANT_CONVERSION = YES;
				CLANG_WARN_DEPRECATED_OBJC_IMPLEMENTATIONS = YES;
				CLANG_WARN_DIRECT_OBJC_ISA_USAGE = YES_ERROR;
				CLANG_WARN_DOCUMENTATION_COMMENTS = YES;
				CLANG_WARN_EMPTY_BODY = YES;
				CLANG_WARN_ENUM_CONVERSION = YES;
				CLANG_WARN_INFINITE_RECURSION = YES;
				CLANG_WARN_INT_CONVERSION = YES;
				CLANG_WARN_NON_LITERAL_NULL_CONVERSION = YES;
				CLANG_WARN_OBJC_IMPLICIT_RETAIN_SELF = YES;
				CLANG_WARN_OBJC_LITERAL_CONVERSION = YES;
				CLANG_WARN_OBJC_ROOT_CLASS = YES_ERROR;
				CLANG_WARN_QUOTED_INCLUDE_IN_FRAMEWORK_HEADER = YES;
				CLANG_WARN_RANGE_LOOP_ANALYSIS = YES;
				CLANG_WARN_STRICT_PROTOTYPES = YES;
				CLANG_WARN_SUSPICIOUS_MOVE = YES;
				CLANG_WARN_UNGUARDED_AVAILABILITY = YES_AGGRESSIVE;
				CLANG_WARN_UNREACHABLE_CODE = YES;
				CLANG_WARN__DUPLICATE_METHOD_MATCH = YES;
				COPY_PHASE_STRIP = NO;
				DEBUG_INFORMATION_FORMAT = dwarf;
				DEVELOPMENT_TEAM = AV56L5GX3F;
				ENABLE_STRICT_OBJC_MSGSEND = YES;
				ENABLE_TESTABILITY = YES;
				ENABLE_USER_SCRIPT_SANDBOXING = YES;
				GCC_C_LANGUAGE_STANDARD = gnu17;
				GCC_DYNAMIC_NO_PIC = NO;
				GCC_NO_COMMON_BLOCKS = YES;
				GCC_OPTIMIZATION_LEVEL = 0;
				GCC_PREPROCESSOR_DEFINITIONS = (
					"DEBUG=1",
					"$(inherited)",
				);
				GCC_WARN_64_TO_32_BIT_CONVERSION = YES;
				GCC_WARN_ABOUT_RETURN_TYPE = YES_ERROR;
				GCC_WARN_UNDECLARED_SELECTOR = YES;
				GCC_WARN_UNINITIALIZED_AUTOS = YES_AGGRESSIVE;
				GCC_WARN_UNUSED_FUNCTION = YES;
				GCC_WARN_UNUSED_VARIABLE = YES;
				LOCALIZATION_PREFERS_STRING_CATALOGS = YES;
				MTL_ENABLE_DEBUG_INFO = INCLUDE_SOURCE;
				MTL_FAST_MATH = YES;
				ONLY_ACTIVE_ARCH = YES;
				SWIFT_ACTIVE_COMPILATION_CONDITIONS = "DEBUG $(inherited)";
				SWIFT_OPTIMIZATION_LEVEL = "-Onone";
			};
			name = Debug;
		};
		4FB4E41F2F9CDD6E00121F5A /* Release */ = {
			isa = XCBuildConfiguration;
			buildSettings = {
				ALWAYS_SEARCH_USER_PATHS = NO;
				ASSETCATALOG_COMPILER_GENERATE_SWIFT_ASSET_SYMBOL_EXTENSIONS = YES;
				CLANG_ANALYZER_NONNULL = YES;
				CLANG_ANALYZER_NUMBER_OBJECT_CONVERSION = YES_AGGRESSIVE;
				CLANG_CXX_LANGUAGE_STANDARD = "gnu++20";
				CLANG_ENABLE_MODULES = YES;
				CLANG_ENABLE_OBJC_ARC = YES;
				CLANG_ENABLE_OBJC_WEAK = YES;
				CLANG_WARN_BLOCK_CAPTURE_AUTORELEASING = YES;
				CLANG_WARN_BOOL_CONVERSION = YES;
				CLANG_WARN_COMMA = YES;
				CLANG_WARN_CONSTANT_CONVERSION = YES;
				CLANG_WARN_DEPRECATED_OBJC_IMPLEMENTATIONS = YES;
				CLANG_WARN_DIRECT_OBJC_ISA_USAGE = YES_ERROR;
				CLANG_WARN_DOCUMENTATION_COMMENTS = YES;
				CLANG_WARN_EMPTY_BODY = YES;
				CLANG_WARN_ENUM_CONVERSION = YES;
				CLANG_WARN_INFINITE_RECURSION = YES;
				CLANG_WARN_INT_CONVERSION = YES;
				CLANG_WARN_NON_LITERAL_NULL_CONVERSION = YES;
				CLANG_WARN_OBJC_IMPLICIT_RETAIN_SELF = YES;
				CLANG_WARN_OBJC_LITERAL_CONVERSION = YES;
				CLANG_WARN_OBJC_ROOT_CLASS = YES_ERROR;
				CLANG_WARN_QUOTED_INCLUDE_IN_FRAMEWORK_HEADER = YES;
				CLANG_WARN_RANGE_LOOP_ANALYSIS = YES;
				CLANG_WARN_STRICT_PROTOTYPES = YES;
				CLANG_WARN_SUSPICIOUS_MOVE = YES;
				CLANG_WARN_UNGUARDED_AVAILABILITY = YES_AGGRESSIVE;
				CLANG_WARN_UNREACHABLE_CODE = YES;
				CLANG_WARN__DUPLICATE_METHOD_MATCH = YES;
				COPY_PHASE_STRIP = NO;
				DEBUG_INFORMATION_FORMAT = "dwarf-with-dsym";
				DEVELOPMENT_TEAM = AV56L5GX3F;
				ENABLE_NS_ASSERTIONS = NO;
				ENABLE_STRICT_OBJC_MSGSEND = YES;
				ENABLE_USER_SCRIPT_SANDBOXING = YES;
				GCC_C_LANGUAGE_STANDARD = gnu17;
				GCC_NO_COMMON_BLOCKS = YES;
				GCC_WARN_64_TO_32_BIT_CONVERSION = YES;
				GCC_WARN_ABOUT_RETURN_TYPE = YES_ERROR;
				GCC_WARN_UNDECLARED_SELECTOR = YES;
				GCC_WARN_UNINITIALIZED_AUTOS = YES_AGGRESSIVE;
				GCC_WARN_UNUSED_FUNCTION = YES;
				GCC_WARN_UNUSED_VARIABLE = YES;
				LOCALIZATION_PREFERS_STRING_CATALOGS = YES;
				MTL_ENABLE_DEBUG_INFO = NO;
				MTL_FAST_MATH = YES;
				SWIFT_COMPILATION_MODE = wholemodule;
			};
			name = Release;
		};
		4FB4E4212F9CDD6E00121F5A /* Debug */ = {
			isa = XCBuildConfiguration;
			buildSettings = {
				ASSETCATALOG_COMPILER_APPICON_NAME = AppIcon;
				ASSETCATALOG_COMPILER_GLOBAL_ACCENT_COLOR_NAME = AccentColor;
				CODE_SIGN_STYLE = Automatic;
				CURRENT_PROJECT_VERSION = 1;
				DEVELOPMENT_TEAM = AV56L5GX3F;
				ENABLE_APP_SANDBOX = YES;
				ENABLE_HARDENED_RUNTIME = YES;
				ENABLE_PREVIEWS = YES;
				ENABLE_USER_SELECTED_FILES = readonly;
				GENERATE_INFOPLIST_FILE = YES;
				"INFOPLIST_KEY_UIApplicationSceneManifest_Generation[sdk=iphoneos*]" = YES;
				"INFOPLIST_KEY_UIApplicationSceneManifest_Generation[sdk=iphonesimulator*]" = YES;
				"INFOPLIST_KEY_UIApplicationSupportsIndirectInputEvents[sdk=iphoneos*]" = YES;
				"INFOPLIST_KEY_UIApplicationSupportsIndirectInputEvents[sdk=iphonesimulator*]" = YES;
				"INFOPLIST_KEY_UILaunchScreen_Generation[sdk=iphoneos*]" = YES;
				"INFOPLIST_KEY_UILaunchScreen_Generation[sdk=iphonesimulator*]" = YES;
				"INFOPLIST_KEY_UIStatusBarStyle[sdk=iphoneos*]" = UIStatusBarStyleDefault;
				"INFOPLIST_KEY_UIStatusBarStyle[sdk=iphonesimulator*]" = UIStatusBarStyleDefault;
				INFOPLIST_KEY_UISupportedInterfaceOrientations_iPad = "UIInterfaceOrientationPortrait UIInterfaceOrientationPortraitUpsideDown UIInterfaceOrientationLandscapeLeft UIInterfaceOrientationLandscapeRight";
				INFOPLIST_KEY_UISupportedInterfaceOrientations_iPhone = "UIInterfaceOrientationPortrait UIInterfaceOrientationLandscapeLeft UIInterfaceOrientationLandscapeRight";
				IPHONEOS_DEPLOYMENT_TARGET = 26.4;
				LD_RUNPATH_SEARCH_PATHS = "@executable_path/Frameworks";
				MARKETING_VERSION = 1.0;
				PRODUCT_BUNDLE_IDENTIFIER = "sinou.xstream-player";
				PRODUCT_NAME = "$(TARGET_NAME)";
				REGISTER_APP_GROUPS = YES;
				SDKROOT = auto;
				STRING_CATALOG_GENERATE_SYMBOLS = YES;
				SUPPORTED_PLATFORMS = "iphonesimulator iphoneos";
				SWIFT_APPROACHABLE_CONCURRENCY = YES;
				SWIFT_DEFAULT_ACTOR_ISOLATION = MainActor;
				SWIFT_EMIT_LOC_STRINGS = YES;
				SWIFT_UPCOMING_FEATURE_MEMBER_IMPORT_VISIBILITY = YES;
				SWIFT_VERSION = 5.0;
				TARGETED_DEVICE_FAMILY = "1,2";
			};
			name = Debug;
		};
		4FB4E4222F9CDD6E00121F5A /* Release */ = {
			isa = XCBuildConfiguration;
			buildSettings = {
				ASSETCATALOG_COMPILER_APPICON_NAME = AppIcon;
				ASSETCATALOG_COMPILER_GLOBAL_ACCENT_COLOR_NAME = AccentColor;
				CODE_SIGN_STYLE = Automatic;
				CURRENT_PROJECT_VERSION = 1;
				DEVELOPMENT_TEAM = AV56L5GX3F;
				ENABLE_APP_SANDBOX = YES;
				ENABLE_HARDENED_RUNTIME = YES;
				ENABLE_PREVIEWS = YES;
				ENABLE_USER_SELECTED_FILES = readonly;
				GENERATE_INFOPLIST_FILE = YES;
				"INFOPLIST_KEY_UIApplicationSceneManifest_Generation[sdk=iphoneos*]" = YES;
				"INFOPLIST_KEY_UIApplicationSceneManifest_Generation[sdk=iphonesimulator*]" = YES;
				"INFOPLIST_KEY_UIApplicationSupportsIndirectInputEvents[sdk=iphoneos*]" = YES;
				"INFOPLIST_KEY_UIApplicationSupportsIndirectInputEvents[sdk=iphonesimulator*]" = YES;
				"INFOPLIST_KEY_UILaunchScreen_Generation[sdk=iphoneos*]" = YES;
				"INFOPLIST_KEY_UILaunchScreen_Generation[sdk=iphonesimulator*]" = YES;
				"INFOPLIST_KEY_UIStatusBarStyle[sdk=iphoneos*]" = UIStatusBarStyleDefault;
				"INFOPLIST_KEY_UIStatusBarStyle[sdk=iphonesimulator*]" = UIStatusBarStyleDefault;
				INFOPLIST_KEY_UISupportedInterfaceOrientations_iPad = "UIInterfaceOrientationPortrait UIInterfaceOrientationPortraitUpsideDown UIInterfaceOrientationLandscapeLeft UIInterfaceOrientationLandscapeRight";
				INFOPLIST_KEY_UISupportedInterfaceOrientations_iPhone = "UIInterfaceOrientationPortrait UIInterfaceOrientationLandscapeLeft UIInterfaceOrientationLandscapeRight";
				IPHONEOS_DEPLOYMENT_TARGET = 26.4;
				LD_RUNPATH_SEARCH_PATHS = "@executable_path/Frameworks";
				MARKETING_VERSION = 1.0;
				PRODUCT_BUNDLE_IDENTIFIER = "sinou.xstream-player";
				PRODUCT_NAME = "$(TARGET_NAME)";
				REGISTER_APP_GROUPS = YES;
				SDKROOT = auto;
				STRING_CATALOG_GENERATE_SYMBOLS = YES;
				SUPPORTED_PLATFORMS = "iphonesimulator iphoneos";
				SWIFT_APPROACHABLE_CONCURRENCY = YES;
				SWIFT_DEFAULT_ACTOR_ISOLATION = MainActor;
				SWIFT_EMIT_LOC_STRINGS = YES;
				SWIFT_UPCOMING_FEATURE_MEMBER_IMPORT_VISIBILITY = YES;
				SWIFT_VERSION = 5.0;
				TARGETED_DEVICE_FAMILY = "1,2";
			};
			name = Release;
		};
		4FB4E4242F9CDD6E00121F5A /* Debug */ = {
			isa = XCBuildConfiguration;
			buildSettings = {
				BUNDLE_LOADER = "$(TEST_HOST)";
				CODE_SIGN_STYLE = Automatic;
				CURRENT_PROJECT_VERSION = 1;
				DEVELOPMENT_TEAM = AV56L5GX3F;
				GENERATE_INFOPLIST_FILE = YES;
				IPHONEOS_DEPLOYMENT_TARGET = 26.4;
				MACOSX_DEPLOYMENT_TARGET = 26.4;
				MARKETING_VERSION = 1.0;
				PRODUCT_BUNDLE_IDENTIFIER = "sinou.xstream-playerTests";
				PRODUCT_NAME = "$(TARGET_NAME)";
				SDKROOT = auto;
				STRING_CATALOG_GENERATE_SYMBOLS = NO;
				SUPPORTED_PLATFORMS = "iphoneos iphonesimulator macosx xros xrsimulator";
				SWIFT_APPROACHABLE_CONCURRENCY = YES;
				SWIFT_EMIT_LOC_STRINGS = NO;
				SWIFT_UPCOMING_FEATURE_MEMBER_IMPORT_VISIBILITY = YES;
				SWIFT_VERSION = 5.0;
				TARGETED_DEVICE_FAMILY = "1,2,7";
				TEST_HOST = "$(BUILT_PRODUCTS_DIR)/xstream-player-ios.app/$(BUNDLE_EXECUTABLE_FOLDER_PATH)/xstream-player-ios";
				XROS_DEPLOYMENT_TARGET = 26.4;
			};
			name = Debug;
		};
		4FB4E4252F9CDD6E00121F5A /* Release */ = {
			isa = XCBuildConfiguration;
			buildSettings = {
				BUNDLE_LOADER = "$(TEST_HOST)";
				CODE_SIGN_STYLE = Automatic;
				CURRENT_PROJECT_VERSION = 1;
				DEVELOPMENT_TEAM = AV56L5GX3F;
				GENERATE_INFOPLIST_FILE = YES;
				IPHONEOS_DEPLOYMENT_TARGET = 26.4;
				MACOSX_DEPLOYMENT_TARGET = 26.4;
				MARKETING_VERSION = 1.0;
				PRODUCT_BUNDLE_IDENTIFIER = "sinou.xstream-playerTests";
				PRODUCT_NAME = "$(TARGET_NAME)";
				SDKROOT = auto;
				STRING_CATALOG_GENERATE_SYMBOLS = NO;
				SUPPORTED_PLATFORMS = "iphoneos iphonesimulator macosx xros xrsimulator";
				SWIFT_APPROACHABLE_CONCURRENCY = YES;
				SWIFT_EMIT_LOC_STRINGS = NO;
				SWIFT_UPCOMING_FEATURE_MEMBER_IMPORT_VISIBILITY = YES;
				SWIFT_VERSION = 5.0;
				TARGETED_DEVICE_FAMILY = "1,2,7";
				TEST_HOST = "$(BUILT_PRODUCTS_DIR)/xstream-player-ios.app/$(BUNDLE_EXECUTABLE_FOLDER_PATH)/xstream-player-ios";
				XROS_DEPLOYMENT_TARGET = 26.4;
			};
			name = Release;
		};
		4FB4E4272F9CDD6E00121F5A /* Debug */ = {
			isa = XCBuildConfiguration;
			buildSettings = {
				CODE_SIGN_STYLE = Automatic;
				CURRENT_PROJECT_VERSION = 1;
				DEVELOPMENT_TEAM = AV56L5GX3F;
				GENERATE_INFOPLIST_FILE = YES;
				IPHONEOS_DEPLOYMENT_TARGET = 26.4;
				MACOSX_DEPLOYMENT_TARGET = 26.4;
				MARKETING_VERSION = 1.0;
				PRODUCT_BUNDLE_IDENTIFIER = "sinou.xstream-playerUITests";
				PRODUCT_NAME = "$(TARGET_NAME)";
				SDKROOT = auto;
				STRING_CATALOG_GENERATE_SYMBOLS = NO;
				SUPPORTED_PLATFORMS = "iphoneos iphonesimulator macosx xros xrsimulator";
				SWIFT_APPROACHABLE_CONCURRENCY = YES;
				SWIFT_EMIT_LOC_STRINGS = NO;
				SWIFT_UPCOMING_FEATURE_MEMBER_IMPORT_VISIBILITY = YES;
				SWIFT_VERSION = 5.0;
				TARGETED_DEVICE_FAMILY = "1,2,7";
				TEST_TARGET_NAME = "xstream-player-ios";
				XROS_DEPLOYMENT_TARGET = 26.4;
			};
			name = Debug;
		};
		4FB4E4282F9CDD6E00121F5A /* Release */ = {
			isa = XCBuildConfiguration;
			buildSettings = {
				CODE_SIGN_STYLE = Automatic;
				CURRENT_PROJECT_VERSION = 1;
				DEVELOPMENT_TEAM = AV56L5GX3F;
				GENERATE_INFOPLIST_FILE = YES;
				IPHONEOS_DEPLOYMENT_TARGET = 26.4;
				MACOSX_DEPLOYMENT_TARGET = 26.4;
				MARKETING_VERSION = 1.0;
				PRODUCT_BUNDLE_IDENTIFIER = "sinou.xstream-playerUITests";
				PRODUCT_NAME = "$(TARGET_NAME)";
				SDKROOT = auto;
				STRING_CATALOG_GENERATE_SYMBOLS = NO;
				SUPPORTED_PLATFORMS = "iphoneos iphonesimulator macosx xros xrsimulator";
				SWIFT_APPROACHABLE_CONCURRENCY = YES;
				SWIFT_EMIT_LOC_STRINGS = NO;
				SWIFT_UPCOMING_FEATURE_MEMBER_IMPORT_VISIBILITY = YES;
				SWIFT_VERSION = 5.0;
				TARGETED_DEVICE_FAMILY = "1,2,7";
				TEST_TARGET_NAME = "xstream-player-ios";
				XROS_DEPLOYMENT_TARGET = 26.4;
			};
			name = Release;
		};
		4FB4E4F92F9CE61C00121F5A /* Debug */ = {
			isa = XCBuildConfiguration;
			buildSettings = {
				ASSETCATALOG_COMPILER_APPICON_NAME = AppIcon;
				ASSETCATALOG_COMPILER_GLOBAL_ACCENT_COLOR_NAME = AccentColor;
				CODE_SIGN_STYLE = Automatic;
				COMBINE_HIDPI_IMAGES = YES;
				CURRENT_PROJECT_VERSION = 1;
				DEVELOPMENT_TEAM = AV56L5GX3F;
				ENABLE_APP_SANDBOX = YES;
				ENABLE_HARDENED_RUNTIME = YES;
				ENABLE_PREVIEWS = YES;
				ENABLE_USER_SELECTED_FILES = readonly;
				GENERATE_INFOPLIST_FILE = YES;
				INFOPLIST_KEY_NSHumanReadableCopyright = "";
				LD_RUNPATH_SEARCH_PATHS = (
					"$(inherited)",
					"@executable_path/../Frameworks",
				);
				MACOSX_DEPLOYMENT_TARGET = 26.4;
				MARKETING_VERSION = 1.0;
				PRODUCT_BUNDLE_IDENTIFIER = "sinou.xstream-player-macos";
				PRODUCT_NAME = "$(TARGET_NAME)";
				REGISTER_APP_GROUPS = YES;
				SDKROOT = macosx;
				STRING_CATALOG_GENERATE_SYMBOLS = YES;
				SWIFT_APPROACHABLE_CONCURRENCY = YES;
				SWIFT_DEFAULT_ACTOR_ISOLATION = MainActor;
				SWIFT_EMIT_LOC_STRINGS = YES;
				SWIFT_UPCOMING_FEATURE_MEMBER_IMPORT_VISIBILITY = YES;
				SWIFT_VERSION = 5.0;
			};
			name = Debug;
		};
		4FB4E4FA2F9CE61C00121F5A /* Release */ = {
			isa = XCBuildConfiguration;
			buildSettings = {
				ASSETCATALOG_COMPILER_APPICON_NAME = AppIcon;
				ASSETCATALOG_COMPILER_GLOBAL_ACCENT_COLOR_NAME = AccentColor;
				CODE_SIGN_STYLE = Automatic;
				COMBINE_HIDPI_IMAGES = YES;
				CURRENT_PROJECT_VERSION = 1;
				DEVELOPMENT_TEAM = AV56L5GX3F;
				ENABLE_APP_SANDBOX = YES;
				ENABLE_HARDENED_RUNTIME = YES;
				ENABLE_PREVIEWS = YES;
				ENABLE_USER_SELECTED_FILES = readonly;
				GENERATE_INFOPLIST_FILE = YES;
				INFOPLIST_KEY_NSHumanReadableCopyright = "";
				LD_RUNPATH_SEARCH_PATHS = (
					"$(inherited)",
					"@executable_path/../Frameworks",
				);
				MACOSX_DEPLOYMENT_TARGET = 26.4;
				MARKETING_VERSION = 1.0;
				PRODUCT_BUNDLE_IDENTIFIER = "sinou.xstream-player-macos";
				PRODUCT_NAME = "$(TARGET_NAME)";
				REGISTER_APP_GROUPS = YES;
				SDKROOT = macosx;
				STRING_CATALOG_GENERATE_SYMBOLS = YES;
				SWIFT_APPROACHABLE_CONCURRENCY = YES;
				SWIFT_DEFAULT_ACTOR_ISOLATION = MainActor;
				SWIFT_EMIT_LOC_STRINGS = YES;
				SWIFT_UPCOMING_FEATURE_MEMBER_IMPORT_VISIBILITY = YES;
				SWIFT_VERSION = 5.0;
			};
			name = Release;
		};
		4FB4E5102F9CE65D00121F5A /* Debug */ = {
			isa = XCBuildConfiguration;
			buildSettings = {
				ASSETCATALOG_COMPILER_APPICON_NAME = "App Icon & Top Shelf Image";
				ASSETCATALOG_COMPILER_GLOBAL_ACCENT_COLOR_NAME = AccentColor;
				CODE_SIGN_STYLE = Automatic;
				CURRENT_PROJECT_VERSION = 1;
				DEVELOPMENT_TEAM = AV56L5GX3F;
				ENABLE_PREVIEWS = YES;
				GENERATE_INFOPLIST_FILE = YES;
				INFOPLIST_KEY_UILaunchScreen_Generation = YES;
				INFOPLIST_KEY_UIUserInterfaceStyle = Automatic;
				LD_RUNPATH_SEARCH_PATHS = (
					"$(inherited)",
					"@executable_path/Frameworks",
				);
				MARKETING_VERSION = 1.0;
				PRODUCT_BUNDLE_IDENTIFIER = "sinou.xstream-player-tvos";
				PRODUCT_NAME = "$(TARGET_NAME)";
				SDKROOT = appletvos;
				STRING_CATALOG_GENERATE_SYMBOLS = YES;
				SWIFT_APPROACHABLE_CONCURRENCY = YES;
				SWIFT_DEFAULT_ACTOR_ISOLATION = MainActor;
				SWIFT_EMIT_LOC_STRINGS = YES;
				SWIFT_UPCOMING_FEATURE_MEMBER_IMPORT_VISIBILITY = YES;
				SWIFT_VERSION = 5.0;
				TARGETED_DEVICE_FAMILY = 3;
				TVOS_DEPLOYMENT_TARGET = 26.4;
			};
			name = Debug;
		};
		4FB4E5112F9CE65D00121F5A /* Release */ = {
			isa = XCBuildConfiguration;
			buildSettings = {
				ASSETCATALOG_COMPILER_APPICON_NAME = "App Icon & Top Shelf Image";
				ASSETCATALOG_COMPILER_GLOBAL_ACCENT_COLOR_NAME = AccentColor;
				CODE_SIGN_STYLE = Automatic;
				CURRENT_PROJECT_VERSION = 1;
				DEVELOPMENT_TEAM = AV56L5GX3F;
				ENABLE_PREVIEWS = YES;
				GENERATE_INFOPLIST_FILE = YES;
				INFOPLIST_KEY_UILaunchScreen_Generation = YES;
				INFOPLIST_KEY_UIUserInterfaceStyle = Automatic;
				LD_RUNPATH_SEARCH_PATHS = (
					"$(inherited)",
					"@executable_path/Frameworks",
				);
				MARKETING_VERSION = 1.0;
				PRODUCT_BUNDLE_IDENTIFIER = "sinou.xstream-player-tvos";
				PRODUCT_NAME = "$(TARGET_NAME)";
				SDKROOT = appletvos;
				STRING_CATALOG_GENERATE_SYMBOLS = YES;
				SWIFT_APPROACHABLE_CONCURRENCY = YES;
				SWIFT_DEFAULT_ACTOR_ISOLATION = MainActor;
				SWIFT_EMIT_LOC_STRINGS = YES;
				SWIFT_UPCOMING_FEATURE_MEMBER_IMPORT_VISIBILITY = YES;
				SWIFT_VERSION = 5.0;
				TARGETED_DEVICE_FAMILY = 3;
				TVOS_DEPLOYMENT_TARGET = 26.4;
				VALIDATE_PRODUCT = YES;
			};
			name = Release;
		};
/* End XCBuildConfiguration section */

/* Begin XCConfigurationList section */
		4FB4E3F82F9CDD6C00121F5A /* Build configuration list for PBXProject "xstream-player" */ = {
			isa = XCConfigurationList;
			buildConfigurations = (
				4FB4E41E2F9CDD6E00121F5A /* Debug */,
				4FB4E41F2F9CDD6E00121F5A /* Release */,
			);
			defaultConfigurationIsVisible = 0;
			defaultConfigurationName = Release;
		};
		4FB4E4202F9CDD6E00121F5A /* Build configuration list for PBXNativeTarget "xstream-player-ios" */ = {
			isa = XCConfigurationList;
			buildConfigurations = (
				4FB4E4212F9CDD6E00121F5A /* Debug */,
				4FB4E4222F9CDD6E00121F5A /* Release */,
			);
			defaultConfigurationIsVisible = 0;
			defaultConfigurationName = Release;
		};
		4FB4E4232F9CDD6E00121F5A /* Build configuration list for PBXNativeTarget "xstream-playerTests" */ = {
			isa = XCConfigurationList;
			buildConfigurations = (
				4FB4E4242F9CDD6E00121F5A /* Debug */,
				4FB4E4252F9CDD6E00121F5A /* Release */,
			);
			defaultConfigurationIsVisible = 0;
			defaultConfigurationName = Release;
		};
		4FB4E4262F9CDD6E00121F5A /* Build configuration list for PBXNativeTarget "xstream-playerUITests" */ = {
			isa = XCConfigurationList;
			buildConfigurations = (
				4FB4E4272F9CDD6E00121F5A /* Debug */,
				4FB4E4282F9CDD6E00121F5A /* Release */,
			);
			defaultConfigurationIsVisible = 0;
			defaultConfigurationName = Release;
		};
		4FB4E4F82F9CE61C00121F5A /* Build configuration list for PBXNativeTarget "xstream-player-macos" */ = {
			isa = XCConfigurationList;
			buildConfigurations = (
				4FB4E4F92F9CE61C00121F5A /* Debug */,
				4FB4E4FA2F9CE61C00121F5A /* Release */,
			);
			defaultConfigurationIsVisible = 0;
			defaultConfigurationName = Release;
		};
		4FB4E50F2F9CE65D00121F5A /* Build configuration list for PBXNativeTarget "xstream-player-tvos" */ = {
			isa = XCConfigurationList;
			buildConfigurations = (
				4FB4E5102F9CE65D00121F5A /* Debug */,
				4FB4E5112F9CE65D00121F5A /* Release */,
			);
			defaultConfigurationIsVisible = 0;
			defaultConfigurationName = Release;
		};
/* End XCConfigurationList section */
	};
	rootObject = 4FB4E3F52F9CDD6C00121F5A /* Project object */;
}
